{
  "version": 4,
  "terraform_version": "1.13.5",
  "serial": 41,
  "lineage": "c437aec5-04e6-1481-0ae8-b08638f117bb",
  "outputs": {
    "airflow_service_account_key_base64": {
      "value": "ewogICJ0eXBlIjogInNlcnZpY2VfYWNjb3VudCIsCiAgInByb2plY3RfaWQiOiAicG9zaXRpdmUtbnVhbmNlLTQ3NzIyMS1kMSIsCiAgInByaXZhdGVfa2V5X2lkIjogIjNjMjkyNDcyNzY4NmUyMzdhZWQ3NGE2M2E4ZjMyMWFlNTYxYTE4NzkiLAogICJwcml2YXRlX2tleSI6ICItLS0tLUJFR0lOIFBSSVZBVEUgS0VZLS0tLS1cbk1JSUV2UUlCQURBTkJna3Foa2lHOXcwQkFRRUZBQVNDQktjd2dnU2pBZ0VBQW9JQkFRRFNldXZGTk5uVDMwVWtcbnlpbnpEUVRsb0dyejVxK3pCQkZRR2dUcG5EYjlzdGlWNHZZTy9EYUdpWjVWczNpeGJ5aGpkdGF4MUFLRTRrYjdcbkZ1YnJQcjMreXF1Nzh4L3FJb2pCK2ZXWDlsYzZGemNIR3lHMU9HRnYzaWU0ZUYxSUgzSUtMc1R2ZGVrREhiZ0NcbmwrUUhvU2dGZ3JLQ2R1S2lqdVpMSEFpV2JiclZoWm9ZRlJEY3QvOWJ0TEVoc1JnVFpQNnl5U2U4b3hGTkhpcjhcbnR1aHppRTFyZDJxd3JPdVM1WEJYdlo1dXMyTTYrMDU3NC9YcUV5REg2TDB5eWlnMXNiV3k1UGZpYUxqaXo1NDJcbmc2dllIaS84VHJaeFB4SEpMNy9ZSDEzd284dDhRK3pnY2R0dTBWaXVScTMrcWJaZ2RBYlFsd0V4N0lhcmRyR1lcblZVRThlOCtsQWdNQkFBRUNnZ0VBR2QwZDhnRTJaU1BIUU5LUXlMdUlVYTZKTUoyMUV3MHZFc1hudXZjYkJoNFVcbmR0MUpUcy9DT1gwRUFQN3o3VVc5L2ttV1JJckxTOGlYQ3FLbXBJWDBzekJLQ0dkRFBESkYxaVEyS3NLMnR1alpcbnRseW9vemFoam9LMkpIa0hQcnRuellXRlpmRjZFbUVlcSttVE4rRjBqcklmNTdVejBJcmp2MFlHR01vS0RuNUtcbmJwNmt1QXAwTDRZandXUGdqYWdjK21PRWQwaXE2OWViQ1kxbGRKU24zUHdxdEwrZmFOZ05KcVlIS0hIbDdvUFhcbmhKTGVTZEFnNUNHVHl5S3Y2Vm5EV3VUOWNWMkdLa0xwU2J0WnBHbGFwWDhEQXU5b29VQStGZ3E0cmNIREdXc1VcblZaLzFOMGFOakdydFA4RnRLQWMyRHFsMWFSSVhMLzFwZlllbHFtSmV6d0tCZ1FEb2NXOUIwbmc2eGVJSTVic2hcbmZjUlUyWVNBZWlqd1V3MFZxakFLSWMwblBmTm1HS1RrbVgwU3VPUzkxT2FRdE8vbmNvbkZLM3I0RDBubEhrUjBcbk1wekk2MkNUbDZHL3p3RnpBU0JkZElxOGlFUlo1QUlXQ0doTHI0eWxHdnN5MG9rOWVvOFR6Vkl1d1l0T24rTmtcbjhZNXFkVzltYUlXQjJtcG9HRlNHb3RIeHB3S0JnUURuejZ5SUtwN1VpZUdVRVpENDRmNm5OeWxpSEE1ZWUzKy9cbnYxTnR3RExjckNhRmJQdjRENlBNMm9EdlJhdGVYczJoY0wrdzRRK3hzaVd0cXM4MzZ3OU93MXp4R3R0VkttSXVcblRhdU0xR0k4SVRjV2llaUNFT1FLMC92dml6Q213c2lmTEllWlVBSWprcjU4NHJQMUpZbTd1Wms1MHlsWjNyN3JcblUrV2JYZWVsMHdLQmdIY2luTG1KM0dHVFJ0VDBta01DS1B5c09BTjVtVDREOHpMbGRaWGIyVUNCdWh6Y0NMZTZcbkM2YnE2U0o2Mm1uVXN4bFhWVkdmaFhsYXJLOG9Ja0hFSnlPN3NGWTFZNHZoMTRaUVQzeFczVHpnUXRnbnl3SHJcbjhUakpremFVYTZlU3pSQ2Jubld4eUt0Nk82Sml4TFBhTXZwUmtuVlVvUWo3SDRxVzNjdmI2K3NGQW9HQUJpQlNcbjZ2WlZaRUNRbVowdE82YWRXRVg0N2dMWHpsOXRMT0Fka0ZUNEF5VDVqNlVsczVTV081KzZzSmdpdzBlMkg0SWZcblRzbGo1TXBVZkpaN0MzdEcyRW9KZHNYQzdpbEVsdnl1Zi9aTThsSGVadFlXTXZuSFRSSDFJb3VIS2FFVU5FQzFcbkJMUThtandTbExKWkZ5MTZ5bDlKVVdIblFkekZKdXI4c25KMDRNa0NnWUVBblEwRmp0alBHVnhtTStsWkFRRFJcbitFdjNDWFVPU2RvZ0RiSGtpSzE2NSt4b1NhZm1SRFJ0ckpnOHEvRDJsZlRIM283c0J4NmlzQzJoeFd4L3VxaHdcblduRUJyNWw0TmdHN3ZaNWhPMUZiUUViZnhHNkhGOGVUOThsZzNmZTlLV0VpYjhubVpTVktuNWV6Q3JGeituTzhcbjMyaUZET3p0RVprY2lWYzFpMk9SamMwPVxuLS0tLS1FTkQgUFJJVkFURSBLRVktLS0tLVxuIiwKICAiY2xpZW50X2VtYWlsIjogImFpcmZsb3ctcnVubmVyLXNhQHBvc2l0aXZlLW51YW5jZS00NzcyMjEtZDEuaWFtLmdzZXJ2aWNlYWNjb3VudC5jb20iLAogICJjbGllbnRfaWQiOiAiMTE0OTA3NDQ2ODMzNzY0NjA0MjQ3IiwKICAiYXV0aF91cmkiOiAiaHR0cHM6Ly9hY2NvdW50cy5nb29nbGUuY29tL28vb2F1dGgyL2F1dGgiLAogICJ0b2tlbl91cmkiOiAiaHR0cHM6Ly9vYXV0aDIuZ29vZ2xlYXBpcy5jb20vdG9rZW4iLAogICJhdXRoX3Byb3ZpZGVyX3g1MDlfY2VydF91cmwiOiAiaHR0cHM6Ly93d3cuZ29vZ2xlYXBpcy5jb20vb2F1dGgyL3YxL2NlcnRzIiwKICAiY2xpZW50X3g1MDlfY2VydF91cmwiOiAiaHR0cHM6Ly93d3cuZ29vZ2xlYXBpcy5jb20vcm9ib3QvdjEvbWV0YWRhdGEveDUwOS9haXJmbG93LXJ1bm5lci1zYSU0MHBvc2l0aXZlLW51YW5jZS00NzcyMjEtZDEuaWFtLmdzZXJ2aWNlYWNjb3VudC5jb20iLAogICJ1bml2ZXJzZV9kb21haW4iOiAiZ29vZ2xlYXBpcy5jb20iCn0K",
      "type": "string",
      "sensitive": true
    }
  },
  "resources": [
    {
      "mode": "managed",
      "type": "google_project_iam_member",
      "name": "airflow_iam_bindings",
      "provider": "provider[\"registry.terraform.io/hashicorp/google\"]",
      "instances": [
        {
          "index_key": 0,
          "schema_version": 0,
          "attributes": {
            "condition": [],
            "etag": "BwZDMdLngAA=",
            "id": "positive-nuance-477221-d1/roles/bigquery.admin/serviceAccount:airflow-runner-sa@positive-nuance-477221-d1.iam.gserviceaccount.com",
            "member": "serviceAccount:airflow-runner-sa@positive-nuance-477221-d1.iam.gserviceaccount.com",
            "project": "positive-nuance-477221-d1",
            "role": "roles/bigquery.admin"
          },
          "sensitive_attributes": [],
          "identity_schema_version": 0,
          "private": "bnVsbA==",
          "dependencies": [
            "google_service_account.airflow_service_account"
          ]
        },
        {
          "index_key": 1,
          "schema_version": 0,
          "attributes": {
            "condition": [],
            "etag": "BwZDMdLngAA=",
            "id": "positive-nuance-477221-d1/roles/storage.admin/serviceAccount:airflow-runner-sa@positive-nuance-477221-d1.iam.gserviceaccount.com",
            "member": "serviceAccount:airflow-runner-sa@positive-nuance-477221-d1.iam.gserviceaccount.com",
            "project": "positive-nuance-477221-d1",
            "role": "roles/storage.admin"
          },
          "sensitive_attributes": [],
          "identity_schema_version": 0,
          "private": "bnVsbA==",
          "dependencies": [
            "google_service_account.airflow_service_account"
          ]
        },
        {
          "index_key": 2,
          "schema_version": 0,
          "attributes": {
            "condition": [],
            "etag": "BwZDMdLngAA=",
            "id": "positive-nuance-477221-d1/roles/run.invoker/serviceAccount:airflow-runner-sa@positive-nuance-477221-d1.iam.gserviceaccount.com",
            "member": "serviceAccount:airflow-runner-sa@positive-nuance-477221-d1.iam.gserviceaccount.com",
            "project": "positive-nuance-477221-d1",
            "role": "roles/run.invoker"
          },
          "sensitive_attributes": [],
          "identity_schema_version": 0,
          "private": "bnVsbA==",
          "dependencies": [
            "google_service_account.airflow_service_account"
          ]
        }
      ]
    },
    {
      "mode": "managed",
      "type": "google_project_iam_member",
      "name": "cloud_build_iam_bindings",
      "provider": "provider[\"registry.terraform.io/hashicorp/google\"]",
      "instances": [
        {
          "index_key": 0,
          "schema_version": 0,
          "attributes": {
            "condition": [],
            "etag": "BwZDMdLngAA=",
            "id": "positive-nuance-477221-d1/roles/bigquery.admin/serviceAccount:cloudbuild-runner-sa@positive-nuance-477221-d1.iam.gserviceaccount.com",
            "member": "serviceAccount:cloudbuild-runner-sa@positive-nuance-477221-d1.iam.gserviceaccount.com",
            "project": "positive-nuance-477221-d1",
            "role": "roles/bigquery.admin"
          },
          "sensitive_attributes": [],
          "identity_schema_version": 0,
          "private": "bnVsbA==",
          "dependencies": [
            "google_service_account.cloud_build_service_account"
          ]
        },
        {
          "index_key": 1,
          "schema_version": 0,
          "attributes": {
            "condition": [],
            "etag": "BwZDMdLngAA=",
            "id": "positive-nuance-477221-d1/roles/storage.admin/serviceAccount:cloudbuild-runner-sa@positive-nuance-477221-d1.iam.gserviceaccount.com",
            "member": "serviceAccount:cloudbuild-runner-sa@positive-nuance-477221-d1.iam.gserviceaccount.com",
            "project": "positive-nuance-477221-d1",
            "role": "roles/storage.admin"
          },
          "sensitive_attributes": [],
          "identity_schema_version": 0,
          "private": "bnVsbA==",
          "dependencies": [
            "google_service_account.cloud_build_service_account"
          ]
        },
        {
          "index_key": 2,
          "schema_version": 0,
          "attributes": {
            "condition": [],
            "etag": "BwZDMdLngAA=",
            "id": "positive-nuance-477221-d1/roles/artifactregistry.admin/serviceAccount:cloudbuild-runner-sa@positive-nuance-477221-d1.iam.gserviceaccount.com",
            "member": "serviceAccount:cloudbuild-runner-sa@positive-nuance-477221-d1.iam.gserviceaccount.com",
            "project": "positive-nuance-477221-d1",
            "role": "roles/artifactregistry.admin"
          },
          "sensitive_attributes": [],
          "identity_schema_version": 0,
          "private": "bnVsbA==",
          "dependencies": [
            "google_service_account.cloud_build_service_account"
          ]
        },
        {
          "index_key": 3,
          "schema_version": 0,
          "attributes": {
            "condition": [],
            "etag": "BwZDMdLngAA=",
            "id": "positive-nuance-477221-d1/roles/run.developer/serviceAccount:cloudbuild-runner-sa@positive-nuance-477221-d1.iam.gserviceaccount.com",
            "member": "serviceAccount:cloudbuild-runner-sa@positive-nuance-477221-d1.iam.gserviceaccount.com",
            "project": "positive-nuance-477221-d1",
            "role": "roles/run.developer"
          },
          "sensitive_attributes": [],
          "identity_schema_version": 0,
          "private": "bnVsbA==",
          "dependencies": [
            "google_service_account.cloud_build_service_account"
          ]
        },
        {
          "index_key": 4,
          "schema_version": 0,
          "attributes": {
            "condition": [],
            "etag": "BwZDMdLngAA=",
            "id": "positive-nuance-477221-d1/roles/logging.logWriter/serviceAccount:cloudbuild-runner-sa@positive-nuance-477221-d1.iam.gserviceaccount.com",
            "member": "serviceAccount:cloudbuild-runner-sa@positive-nuance-477221-d1.iam.gserviceaccount.com",
            "project": "positive-nuance-477221-d1",
            "role": "roles/logging.logWriter"
          },
          "sensitive_attributes": [],
          "identity_schema_version": 0,
          "private": "bnVsbA==",
          "dependencies": [
            "google_service_account.cloud_build_service_account"
          ]
        },
        {
          "index_key": 5,
          "schema_version": 0,
          "attributes": {
            "condition": [],
            "etag": "BwZDMdLngAA=",
            "id": "positive-nuance-477221-d1/roles/iam.serviceAccountUser/serviceAccount:cloudbuild-runner-sa@positive-nuance-477221-d1.iam.gserviceaccount.com",
            "member": "serviceAccount:cloudbuild-runner-sa@positive-nuance-477221-d1.iam.gserviceaccount.com",
            "project": "positive-nuance-477221-d1",
            "role": "roles/iam.serviceAccountUser"
          },
          "sensitive_attributes": [],
          "identity_schema_version": 0,
          "private": "bnVsbA==",
          "dependencies": [
            "google_service_account.cloud_build_service_account"
          ]
        }
      ]
    },
    {
      "mode": "managed",
      "type": "google_project_iam_member",
      "name": "dbt_iam_bindings",
      "provider": "provider[\"registry.terraform.io/hashicorp/google\"]",
      "instances": [
        {
          "index_key": 0,
          "schema_version": 0,
          "attributes": {
            "condition": [],
            "etag": "BwZDMdLngAA=",
            "id": "positive-nuance-477221-d1/roles/bigquery.dataEditor/serviceAccount:dbt-runner-sa@positive-nuance-477221-d1.iam.gserviceaccount.com",
            "member": "serviceAccount:dbt-runner-sa@positive-nuance-477221-d1.iam.gserviceaccount.com",
            "project": "positive-nuance-477221-d1",
            "role": "roles/bigquery.dataEditor"
          },
          "sensitive_attributes": [],
          "identity_schema_version": 0,
          "private": "bnVsbA==",
          "dependencies": [
            "google_service_account.dbt_service_account"
          ]
        },
        {
          "index_key": 1,
          "schema_version": 0,
          "attributes": {
            "condition": [],
            "etag": "BwZDMdLngAA=",
            "id": "positive-nuance-477221-d1/roles/bigquery.jobUser/serviceAccount:dbt-runner-sa@positive-nuance-477221-d1.iam.gserviceaccount.com",
            "member": "serviceAccount:dbt-runner-sa@positive-nuance-477221-d1.iam.gserviceaccount.com",
            "project": "positive-nuance-477221-d1",
            "role": "roles/bigquery.jobUser"
          },
          "sensitive_attributes": [],
          "identity_schema_version": 0,
          "private": "bnVsbA==",
          "dependencies": [
            "google_service_account.dbt_service_account"
          ]
        },
        {
          "index_key": 2,
          "schema_version": 0,
          "attributes": {
            "condition": [],
            "etag": "BwZDMdLngAA=",
            "id": "positive-nuance-477221-d1/roles/bigquery.user/serviceAccount:dbt-runner-sa@positive-nuance-477221-d1.iam.gserviceaccount.com",
            "member": "serviceAccount:dbt-runner-sa@positive-nuance-477221-d1.iam.gserviceaccount.com",
            "project": "positive-nuance-477221-d1",
            "role": "roles/bigquery.user"
          },
          "sensitive_attributes": [],
          "identity_schema_version": 0,
          "private": "bnVsbA==",
          "dependencies": [
            "google_service_account.dbt_service_account"
          ]
        }
      ]
    },
    {
      "mode": "managed",
      "type": "google_service_account",
      "name": "airflow_service_account",
      "provider": "provider[\"registry.terraform.io/hashicorp/google\"]",
      "instances": [
        {
          "schema_version": 0,
          "attributes": {
            "account_id": "airflow-runner-sa",
            "create_ignore_already_exists": null,
            "description": "Service Account for Airflow to interact with Google Cloud resources.",
            "disabled": false,
            "display_name": "airflow Runner Service Account",
            "email": "airflow-runner-sa@positive-nuance-477221-d1.iam.gserviceaccount.com",
            "id": "projects/positive-nuance-477221-d1/serviceAccounts/airflow-runner-sa@positive-nuance-477221-d1.iam.gserviceaccount.com",
            "member": "serviceAccount:airflow-runner-sa@positive-nuance-477221-d1.iam.gserviceaccount.com",
            "name": "projects/positive-nuance-477221-d1/serviceAccounts/airflow-runner-sa@positive-nuance-477221-d1.iam.gserviceaccount.com",
            "project": "positive-nuance-477221-d1",
            "timeouts": null,
            "unique_id": "114907446833764604247"
          },
          "sensitive_attributes": [],
          "identity_schema_version": 0,
          "private": "eyJlMmJmYjczMC1lY2FhLTExZTYtOGY4OC0zNDM2M2JjN2M0YzAiOnsiY3JlYXRlIjozMDAwMDAwMDAwMDB9fQ=="
        }
      ]
    },
    {
      "mode": "managed",
      "type": "google_service_account",
      "name": "cloud_build_service_account",
      "provider": "provider[\"registry.terraform.io/hashicorp/google\"]",
      "instances": [
        {
          "schema_version": 0,
          "attributes": {
            "account_id": "cloudbuild-runner-sa",
            "create_ignore_already_exists": null,
            "description": "Service Account for cloud_build to interact with Google Cloud resources.",
            "disabled": false,
            "display_name": "cloud build Runner Service Account",
            "email": "cloudbuild-runner-sa@positive-nuance-477221-d1.iam.gserviceaccount.com",
            "id": "projects/positive-nuance-477221-d1/serviceAccounts/cloudbuild-runner-sa@positive-nuance-477221-d1.iam.gserviceaccount.com",
            "member": "serviceAccount:cloudbuild-runner-sa@positive-nuance-477221-d1.iam.gserviceaccount.com",
            "name": "projects/positive-nuance-477221-d1/serviceAccounts/cloudbuild-runner-sa@positive-nuance-477221-d1.iam.gserviceaccount.com",
            "project": "positive-nuance-477221-d1",
            "timeouts": null,
            "unique_id": "113917878569198951179"
          },
          "sensitive_attributes": [],
          "identity_schema_version": 0,
          "private": "eyJlMmJmYjczMC1lY2FhLTExZTYtOGY4OC0zNDM2M2JjN2M0YzAiOnsiY3JlYXRlIjozMDAwMDAwMDAwMDB9fQ=="
        }
      ]
    },
    {
      "mode": "managed",
      "type": "google_service_account",
      "name": "dbt_service_account",
      "provider": "provider[\"registry.terraform.io/hashicorp/google\"]",
      "instances": [
        {
          "schema_version": 0,
          "attributes": {
            "account_id": "dbt-runner-sa",
            "create_ignore_already_exists": null,
            "description": "Service Account for DBT to interact with Google Cloud resources.",
            "disabled": false,
            "display_name": "dbt Runner Service Account",
            "email": "dbt-runner-sa@positive-nuance-477221-d1.iam.gserviceaccount.com",
            "id": "projects/positive-nuance-477221-d1/serviceAccounts/dbt-runner-sa@positive-nuance-477221-d1.iam.gserviceaccount.com",
            "member": "serviceAccount:dbt-runner-sa@positive-nuance-477221-d1.iam.gserviceaccount.com",
            "name": "projects/positive-nuance-477221-d1/serviceAccounts/dbt-runner-sa@positive-nuance-477221-d1.iam.gserviceaccount.com",
            "project": "positive-nuance-477221-d1",
            "timeouts": null,
            "unique_id": "102810177165126165353"
          },
          "sensitive_attributes": [],
          "identity_schema_version": 0,
          "private": "eyJlMmJmYjczMC1lY2FhLTExZTYtOGY4OC0zNDM2M2JjN2M0YzAiOnsiY3JlYXRlIjozMDAwMDAwMDAwMDB9fQ=="
        }
      ]
    },
    {
      "mode": "managed",
      "type": "google_service_account_key",
      "name": "airflow_service_account_key",
      "provider": "provider[\"registry.terraform.io/hashicorp/google\"]",
      "instances": [
        {
          "schema_version": 0,
          "attributes": {
            "id": "projects/positive-nuance-477221-d1/serviceAccounts/airflow-runner-sa@positive-nuance-477221-d1.iam.gserviceaccount.com/keys/3c2924727686e237aed74a63a8f321ae561a1879",
            "keepers": null,
            "key_algorithm": "KEY_ALG_RSA_2048",
            "name": "projects/positive-nuance-477221-d1/serviceAccounts/airflow-runner-sa@positive-nuance-477221-d1.iam.gserviceaccount.com/keys/3c2924727686e237aed74a63a8f321ae561a1879",
            "private_key": "ewogICJ0eXBlIjogInNlcnZpY2VfYWNjb3VudCIsCiAgInByb2plY3RfaWQiOiAicG9zaXRpdmUtbnVhbmNlLTQ3NzIyMS1kMSIsCiAgInByaXZhdGVfa2V5X2lkIjogIjNjMjkyNDcyNzY4NmUyMzdhZWQ3NGE2M2E4ZjMyMWFlNTYxYTE4NzkiLAogICJwcml2YXRlX2tleSI6ICItLS0tLUJFR0lOIFBSSVZBVEUgS0VZLS0tLS1cbk1JSUV2UUlCQURBTkJna3Foa2lHOXcwQkFRRUZBQVNDQktjd2dnU2pBZ0VBQW9JQkFRRFNldXZGTk5uVDMwVWtcbnlpbnpEUVRsb0dyejVxK3pCQkZRR2dUcG5EYjlzdGlWNHZZTy9EYUdpWjVWczNpeGJ5aGpkdGF4MUFLRTRrYjdcbkZ1YnJQcjMreXF1Nzh4L3FJb2pCK2ZXWDlsYzZGemNIR3lHMU9HRnYzaWU0ZUYxSUgzSUtMc1R2ZGVrREhiZ0NcbmwrUUhvU2dGZ3JLQ2R1S2lqdVpMSEFpV2JiclZoWm9ZRlJEY3QvOWJ0TEVoc1JnVFpQNnl5U2U4b3hGTkhpcjhcbnR1aHppRTFyZDJxd3JPdVM1WEJYdlo1dXMyTTYrMDU3NC9YcUV5REg2TDB5eWlnMXNiV3k1UGZpYUxqaXo1NDJcbmc2dllIaS84VHJaeFB4SEpMNy9ZSDEzd284dDhRK3pnY2R0dTBWaXVScTMrcWJaZ2RBYlFsd0V4N0lhcmRyR1lcblZVRThlOCtsQWdNQkFBRUNnZ0VBR2QwZDhnRTJaU1BIUU5LUXlMdUlVYTZKTUoyMUV3MHZFc1hudXZjYkJoNFVcbmR0MUpUcy9DT1gwRUFQN3o3VVc5L2ttV1JJckxTOGlYQ3FLbXBJWDBzekJLQ0dkRFBESkYxaVEyS3NLMnR1alpcbnRseW9vemFoam9LMkpIa0hQcnRuellXRlpmRjZFbUVlcSttVE4rRjBqcklmNTdVejBJcmp2MFlHR01vS0RuNUtcbmJwNmt1QXAwTDRZandXUGdqYWdjK21PRWQwaXE2OWViQ1kxbGRKU24zUHdxdEwrZmFOZ05KcVlIS0hIbDdvUFhcbmhKTGVTZEFnNUNHVHl5S3Y2Vm5EV3VUOWNWMkdLa0xwU2J0WnBHbGFwWDhEQXU5b29VQStGZ3E0cmNIREdXc1VcblZaLzFOMGFOakdydFA4RnRLQWMyRHFsMWFSSVhMLzFwZlllbHFtSmV6d0tCZ1FEb2NXOUIwbmc2eGVJSTVic2hcbmZjUlUyWVNBZWlqd1V3MFZxakFLSWMwblBmTm1HS1RrbVgwU3VPUzkxT2FRdE8vbmNvbkZLM3I0RDBubEhrUjBcbk1wekk2MkNUbDZHL3p3RnpBU0JkZElxOGlFUlo1QUlXQ0doTHI0eWxHdnN5MG9rOWVvOFR6Vkl1d1l0T24rTmtcbjhZNXFkVzltYUlXQjJtcG9HRlNHb3RIeHB3S0JnUURuejZ5SUtwN1VpZUdVRVpENDRmNm5OeWxpSEE1ZWUzKy9cbnYxTnR3RExjckNhRmJQdjRENlBNMm9EdlJhdGVYczJoY0wrdzRRK3hzaVd0cXM4MzZ3OU93MXp4R3R0VkttSXVcblRhdU0xR0k4SVRjV2llaUNFT1FLMC92dml6Q213c2lmTEllWlVBSWprcjU4NHJQMUpZbTd1Wms1MHlsWjNyN3JcblUrV2JYZWVsMHdLQmdIY2luTG1KM0dHVFJ0VDBta01DS1B5c09BTjVtVDREOHpMbGRaWGIyVUNCdWh6Y0NMZTZcbkM2YnE2U0o2Mm1uVXN4bFhWVkdmaFhsYXJLOG9Ja0hFSnlPN3NGWTFZNHZoMTRaUVQzeFczVHpnUXRnbnl3SHJcbjhUakpremFVYTZlU3pSQ2Jubld4eUt0Nk82Sml4TFBhTXZwUmtuVlVvUWo3SDRxVzNjdmI2K3NGQW9HQUJpQlNcbjZ2WlZaRUNRbVowdE82YWRXRVg0N2dMWHpsOXRMT0Fka0ZUNEF5VDVqNlVsczVTV081KzZzSmdpdzBlMkg0SWZcblRzbGo1TXBVZkpaN0MzdEcyRW9KZHNYQzdpbEVsdnl1Zi9aTThsSGVadFlXTXZuSFRSSDFJb3VIS2FFVU5FQzFcbkJMUThtandTbExKWkZ5MTZ5bDlKVVdIblFkekZKdXI4c25KMDRNa0NnWUVBblEwRmp0alBHVnhtTStsWkFRRFJcbitFdjNDWFVPU2RvZ0RiSGtpSzE2NSt4b1NhZm1SRFJ0ckpnOHEvRDJsZlRIM283c0J4NmlzQzJoeFd4L3VxaHdcblduRUJyNWw0TmdHN3ZaNWhPMUZiUUViZnhHNkhGOGVUOThsZzNmZTlLV0VpYjhubVpTVktuNWV6Q3JGeituTzhcbjMyaUZET3p0RVprY2lWYzFpMk9SamMwPVxuLS0tLS1FTkQgUFJJVkFURSBLRVktLS0tLVxuIiwKICAiY2xpZW50X2VtYWlsIjogImFpcmZsb3ctcnVubmVyLXNhQHBvc2l0aXZlLW51YW5jZS00NzcyMjEtZDEuaWFtLmdzZXJ2aWNlYWNjb3VudC5jb20iLAogICJjbGllbnRfaWQiOiAiMTE0OTA3NDQ2ODMzNzY0NjA0MjQ3IiwKICAiYXV0aF91cmkiOiAiaHR0cHM6Ly9hY2NvdW50cy5nb29nbGUuY29tL28vb2F1dGgyL2F1dGgiLAogICJ0b2tlbl91cmkiOiAiaHR0cHM6Ly9vYXV0aDIuZ29vZ2xlYXBpcy5jb20vdG9rZW4iLAogICJhdXRoX3Byb3ZpZGVyX3g1MDlfY2VydF91cmwiOiAiaHR0cHM6Ly93d3cuZ29vZ2xlYXBpcy5jb20vb2F1dGgyL3YxL2NlcnRzIiwKICAiY2xpZW50X3g1MDlfY2VydF91cmwiOiAiaHR0cHM6Ly93d3cuZ29vZ2xlYXBpcy5jb20vcm9ib3QvdjEvbWV0YWRhdGEveDUwOS9haXJmbG93LXJ1bm5lci1zYSU0MHBvc2l0aXZlLW51YW5jZS00NzcyMjEtZDEuaWFtLmdzZXJ2aWNlYWNjb3VudC5jb20iLAogICJ1bml2ZXJzZV9kb21haW4iOiAiZ29vZ2xlYXBpcy5jb20iCn0K",
            "private_key_type": "TYPE_GOOGLE_CREDENTIALS_FILE",
            "public_key": "LS0tLS1CRUdJTiBDRVJUSUZJQ0FURS0tLS0tCk1JSUMvRENDQWVTZ0F3SUJBZ0lJTDFpOE1VM2RjNWN3RFFZSktvWklodmNOQVFFRkJRQXdJREVlTUJ3R0ExVUUKQXd3Vk1URTBPVEEzTkRRMk9ETXpOelkwTmpBME1qUTNNQ0FYRFRJMU1URXdOakl4TlRFd05Wb1lEems1T1RreApNak14TWpNMU9UVTVXakFnTVI0d0hBWURWUVFEREJVeE1UUTVNRGMwTkRZNE16TTNOalEyTURReU5EY3dnZ0VpCk1BMEdDU3FHU0liM0RRRUJBUVVBQTRJQkR3QXdnZ0VLQW9JQkFRRFNldXZGTk5uVDMwVWt5aW56RFFUbG9HcnoKNXErekJCRlFHZ1RwbkRiOXN0aVY0dllPL0RhR2laNVZzM2l4YnloamR0YXgxQUtFNGtiN0Z1YnJQcjMreXF1Nwo4eC9xSW9qQitmV1g5bGM2RnpjSEd5RzFPR0Z2M2llNGVGMUlIM0lLTHNUdmRla0RIYmdDbCtRSG9TZ0ZncktDCmR1S2lqdVpMSEFpV2JiclZoWm9ZRlJEY3QvOWJ0TEVoc1JnVFpQNnl5U2U4b3hGTkhpcjh0dWh6aUUxcmQycXcKck91UzVYQlh2WjV1czJNNiswNTc0L1hxRXlESDZMMHl5aWcxc2JXeTVQZmlhTGppejU0Mmc2dllIaS84VHJaeApQeEhKTDcvWUgxM3dvOHQ4USt6Z2NkdHUwVml1UnEzK3FiWmdkQWJRbHdFeDdJYXJkckdZVlVFOGU4K2xBZ01CCkFBR2pPREEyTUF3R0ExVWRFd0VCL3dRQ01BQXdEZ1lEVlIwUEFRSC9CQVFEQWdlQU1CWUdBMVVkSlFFQi93UU0KTUFvR0NDc0dBUVVGQndNQ01BMEdDU3FHU0liM0RRRUJCUVVBQTRJQkFRREhlK0VPVWltdGlVZnVURU9tOWVUNgpQOHRXVjBqZTN0ellKOTF0RlA0Y2hhMGNaQnhObURVcWttVEovd0QxSzlydUVVSzRwdGtGWExYdjRoWHBna0tSCnZTVE5OYUluK0NNaE1wanBmQzlxU29pYmZCeWJ0cW5MUGFJbFo4eUpYL1o4Z0cwenB3cHRkanNNT01GNWxEeFUKUFVTTDFJU0JMT0d3NUVXZGt5b0RMR1RMZk1pbUEyRWJaUWtkaFYxZFgwMnFES2JnNU5mUXU4eGVac1ErTSs0TApmeDR4RUJiQS9xeXdPQlNFMnBnK20zM0g2ZlRoejhRTExtdGU4NThoT2JJZEdOSnR0anY0eTRsTmFFVE9qcEdkCkVRYjZEUlhhaFFKTkExdW1nUklKUjhGYkQyMitJRU1ZZHo4QUkyT3ZGcVk2b0dhTWZ0VDV6YkxteWNZNHNwSHcKLS0tLS1FTkQgQ0VSVElGSUNBVEUtLS0tLQo=",
            "public_key_data": null,
            "public_key_type": "TYPE_X509_PEM_FILE",
            "service_account_id": "projects/positive-nuance-477221-d1/serviceAccounts/airflow-runner-sa@positive-nuance-477221-d1.iam.gserviceaccount.com",
            "valid_after": "2025-11-06T21:51:05Z",
            "valid_before": "9999-12-31T23:59:59Z"
          },
          "sensitive_attributes": [
            [
              {
                "type": "get_attr",
                "value": "private_key"
              }
            ]
          ],
          "identity_schema_version": 0,
          "private": "bnVsbA==",
          "dependencies": [
            "google_service_account.airflow_service_account"
          ]
        }
      ]
    }
  ],
  "check_results": null
}
