{
  "version": 4,
  "terraform_version": "1.13.5",
  "serial": 51,
  "lineage": "c437aec5-04e6-1481-0ae8-b08638f117bb",
  "outputs": {
    "airflow_service_account_key_base64": {
      "value": "ewogICJ0eXBlIjogInNlcnZpY2VfYWNjb3VudCIsCiAgInByb2plY3RfaWQiOiAicG9zaXRpdmUtbnVhbmNlLTQ3NzIyMS1kMSIsCiAgInByaXZhdGVfa2V5X2lkIjogIjNjMjkyNDcyNzY4NmUyMzdhZWQ3NGE2M2E4ZjMyMWFlNTYxYTE4NzkiLAogICJwcml2YXRlX2tleSI6ICItLS0tLUJFR0lOIFBSSVZBVEUgS0VZLS0tLS1cbk1JSUV2UUlCQURBTkJna3Foa2lHOXcwQkFRRUZBQVNDQktjd2dnU2pBZ0VBQW9JQkFRRFNldXZGTk5uVDMwVWtcbnlpbnpEUVRsb0dyejVxK3pCQkZRR2dUcG5EYjlzdGlWNHZZTy9EYUdpWjVWczNpeGJ5aGpkdGF4MUFLRTRrYjdcbkZ1YnJQcjMreXF1Nzh4L3FJb2pCK2ZXWDlsYzZGemNIR3lHMU9HRnYzaWU0ZUYxSUgzSUtMc1R2ZGVrREhiZ0NcbmwrUUhvU2dGZ3JLQ2R1S2lqdVpMSEFpV2JiclZoWm9ZRlJEY3QvOWJ0TEVoc1JnVFpQNnl5U2U4b3hGTkhpcjhcbnR1aHppRTFyZDJxd3JPdVM1WEJYdlo1dXMyTTYrMDU3NC9YcUV5REg2TDB5eWlnMXNiV3k1UGZpYUxqaXo1NDJcbmc2dllIaS84VHJaeFB4SEpMNy9ZSDEzd284dDhRK3pnY2R0dTBWaXVScTMrcWJaZ2RBYlFsd0V4N0lhcmRyR1lcblZVRThlOCtsQWdNQkFBRUNnZ0VBR2QwZDhnRTJaU1BIUU5LUXlMdUlVYTZKTUoyMUV3MHZFc1hudXZjYkJoNFVcbmR0MUpUcy9DT1gwRUFQN3o3VVc5L2ttV1JJckxTOGlYQ3FLbXBJWDBzekJLQ0dkRFBESkYxaVEyS3NLMnR1alpcbnRseW9vemFoam9LMkpIa0hQcnRuellXRlpmRjZFbUVlcSttVE4rRjBqcklmNTdVejBJcmp2MFlHR01vS0RuNUtcbmJwNmt1QXAwTDRZandXUGdqYWdjK21PRWQwaXE2OWViQ1kxbGRKU24zUHdxdEwrZmFOZ05KcVlIS0hIbDdvUFhcbmhKTGVTZEFnNUNHVHl5S3Y2Vm5EV3VUOWNWMkdLa0xwU2J0WnBHbGFwWDhEQXU5b29VQStGZ3E0cmNIREdXc1VcblZaLzFOMGFOakdydFA4RnRLQWMyRHFsMWFSSVhMLzFwZlllbHFtSmV6d0tCZ1FEb2NXOUIwbmc2eGVJSTVic2hcbmZjUlUyWVNBZWlqd1V3MFZxakFLSWMwblBmTm1HS1RrbVgwU3VPUzkxT2FRdE8vbmNvbkZLM3I0RDBubEhrUjBcbk1wekk2MkNUbDZHL3p3RnpBU0JkZElxOGlFUlo1QUlXQ0doTHI0eWxHdnN5MG9rOWVvOFR6Vkl1d1l0T24rTmtcbjhZNXFkVzltYUlXQjJtcG9HRlNHb3RIeHB3S0JnUURuejZ5SUtwN1VpZUdVRVpENDRmNm5OeWxpSEE1ZWUzKy9cbnYxTnR3RExjckNhRmJQdjRENlBNMm9EdlJhdGVYczJoY0wrdzRRK3hzaVd0cXM4MzZ3OU93MXp4R3R0VkttSXVcblRhdU0xR0k4SVRjV2llaUNFT1FLMC92dml6Q213c2lmTEllWlVBSWprcjU4NHJQMUpZbTd1Wms1MHlsWjNyN3JcblUrV2JYZWVsMHdLQmdIY2luTG1KM0dHVFJ0VDBta01DS1B5c09BTjVtVDREOHpMbGRaWGIyVUNCdWh6Y0NMZTZcbkM2YnE2U0o2Mm1uVXN4bFhWVkdmaFhsYXJLOG9Ja0hFSnlPN3NGWTFZNHZoMTRaUVQzeFczVHpnUXRnbnl3SHJcbjhUakpremFVYTZlU3pSQ2Jubld4eUt0Nk82Sml4TFBhTXZwUmtuVlVvUWo3SDRxVzNjdmI2K3NGQW9HQUJpQlNcbjZ2WlZaRUNRbVowdE82YWRXRVg0N2dMWHpsOXRMT0Fka0ZUNEF5VDVqNlVsczVTV081KzZzSmdpdzBlMkg0SWZcblRzbGo1TXBVZkpaN0MzdEcyRW9KZHNYQzdpbEVsdnl1Zi9aTThsSGVadFlXTXZuSFRSSDFJb3VIS2FFVU5FQzFcbkJMUThtandTbExKWkZ5MTZ5bDlKVVdIblFkekZKdXI4c25KMDRNa0NnWUVBblEwRmp0alBHVnhtTStsWkFRRFJcbitFdjNDWFVPU2RvZ0RiSGtpSzE2NSt4b1NhZm1SRFJ0ckpnOHEvRDJsZlRIM283c0J4NmlzQzJoeFd4L3VxaHdcblduRUJyNWw0TmdHN3ZaNWhPMUZiUUViZnhHNkhGOGVUOThsZzNmZTlLV0VpYjhubVpTVktuNWV6Q3JGeituTzhcbjMyaUZET3p0RVprY2lWYzFpMk9SamMwPVxuLS0tLS1FTkQgUFJJVkFURSBLRVktLS0tLVxuIiwKICAiY2xpZW50X2VtYWlsIjogImFpcmZsb3ctcnVubmVyLXNhQHBvc2l0aXZlLW51YW5jZS00NzcyMjEtZDEuaWFtLmdzZXJ2aWNlYWNjb3VudC5jb20iLAogICJjbGllbnRfaWQiOiAiMTE0OTA3NDQ2ODMzNzY0NjA0MjQ3IiwKICAiYXV0aF91cmkiOiAiaHR0cHM6Ly9hY2NvdW50cy5nb29nbGUuY29tL28vb2F1dGgyL2F1dGgiLAogICJ0b2tlbl91cmkiOiAiaHR0cHM6Ly9vYXV0aDIuZ29vZ2xlYXBpcy5jb20vdG9rZW4iLAogICJhdXRoX3Byb3ZpZGVyX3g1MDlfY2VydF91cmwiOiAiaHR0cHM6Ly93d3cuZ29vZ2xlYXBpcy5jb20vb2F1dGgyL3YxL2NlcnRzIiwKICAiY2xpZW50X3g1MDlfY2VydF91cmwiOiAiaHR0cHM6Ly93d3cuZ29vZ2xlYXBpcy5jb20vcm9ib3QvdjEvbWV0YWRhdGEveDUwOS9haXJmbG93LXJ1bm5lci1zYSU0MHBvc2l0aXZlLW51YW5jZS00NzcyMjEtZDEuaWFtLmdzZXJ2aWNlYWNjb3VudC5jb20iLAogICJ1bml2ZXJzZV9kb21haW4iOiAiZ29vZ2xlYXBpcy5jb20iCn0K",
      "type": "string",
      "sensitive": true
    }
  },
  "resources": [
    {
      "mode": "managed",
      "type": "google_project_iam_member",
      "name": "airflow_iam_bindings",
      "provider": "provider[\"registry.terraform.io/hashicorp/google\"]",
      "instances": [
        {
          "index_key": 0,
          "schema_version": 0,
          "attributes": {
            "condition": [],
            "etag": "BwZDMdLngAA=",
            "id": "positive-nuance-477221-d1/roles/bigquery.admin/serviceAccount:airflow-runner-sa@positive-nuance-477221-d1.iam.gserviceaccount.com",
            "member": "serviceAccount:airflow-runner-sa@positive-nuance-477221-d1.iam.gserviceaccount.com",
            "project": "positive-nuance-477221-d1",
            "role": "roles/bigquery.admin"
          },
          "sensitive_attributes": [],
          "identity_schema_version": 0,
          "private": "bnVsbA==",
          "dependencies": [
            "google_service_account.airflow_service_account"
          ]
        },
        {
          "index_key": 1,
          "schema_version": 0,
          "attributes": {
            "condition": [],
            "etag": "BwZDMdLngAA=",
            "id": "positive-nuance-477221-d1/roles/storage.admin/serviceAccount:airflow-runner-sa@positive-nuance-477221-d1.iam.gserviceaccount.com",
            "member": "serviceAccount:airflow-runner-sa@positive-nuance-477221-d1.iam.gserviceaccount.com",
            "project": "positive-nuance-477221-d1",
            "role": "roles/storage.admin"
          },
          "sensitive_attributes": [],
          "identity_schema_version": 0,
          "private": "bnVsbA==",
          "dependencies": [
            "google_service_account.airflow_service_account"
          ]
        },
        {
          "index_key": 2,
          "schema_version": 0,
          "attributes": {
            "condition": [],
            "etag": "BwZDMdLngAA=",
            "id": "positive-nuance-477221-d1/roles/run.invoker/serviceAccount:airflow-runner-sa@positive-nuance-477221-d1.iam.gserviceaccount.com",
            "member": "serviceAccount:airflow-runner-sa@positive-nuance-477221-d1.iam.gserviceaccount.com",
            "project": "positive-nuance-477221-d1",
            "role": "roles/run.invoker"
          },
          "sensitive_attributes": [],
          "identity_schema_version": 0,
          "private": "bnVsbA==",
          "dependencies": [
            "google_service_account.airflow_service_account"
          ]
        }
      ]
    },
    {
      "mode": "managed",
      "type": "google_project_iam_member",
      "name": "cloud_build_iam_bindings",
      "provider": "provider[\"registry.terraform.io/hashicorp/google\"]",
      "instances": [
        {
          "index_key": 0,
          "schema_version": 0,
          "attributes": {
            "condition": [],
            "etag": "BwZDMdLngAA=",
            "id": "positive-nuance-477221-d1/roles/bigquery.admin/serviceAccount:cloudbuild-runner-sa@positive-nuance-477221-d1.iam.gserviceaccount.com",
            "member": "serviceAccount:cloudbuild-runner-sa@positive-nuance-477221-d1.iam.gserviceaccount.com",
            "project": "positive-nuance-477221-d1",
            "role": "roles/bigquery.admin"
          },
          "sensitive_attributes": [],
          "identity_schema_version": 0,
          "private": "bnVsbA==",
          "dependencies": [
            "google_service_account.cloud_build_service_account"
          ]
        },
        {
          "index_key": 1,
          "schema_version": 0,
          "attributes": {
            "condition": [],
            "etag": "BwZDMdLngAA=",
            "id": "positive-nuance-477221-d1/roles/storage.admin/serviceAccount:cloudbuild-runner-sa@positive-nuance-477221-d1.iam.gserviceaccount.com",
            "member": "serviceAccount:cloudbuild-runner-sa@positive-nuance-477221-d1.iam.gserviceaccount.com",
            "project": "positive-nuance-477221-d1",
            "role": "roles/storage.admin"
          },
          "sensitive_attributes": [],
          "identity_schema_version": 0,
          "private": "bnVsbA==",
          "dependencies": [
            "google_service_account.cloud_build_service_account"
          ]
        },
        {
          "index_key": 2,
          "schema_version": 0,
          "attributes": {
            "condition": [],
            "etag": "BwZDMdLngAA=",
            "id": "positive-nuance-477221-d1/roles/artifactregistry.admin/serviceAccount:cloudbuild-runner-sa@positive-nuance-477221-d1.iam.gserviceaccount.com",
            "member": "serviceAccount:cloudbuild-runner-sa@positive-nuance-477221-d1.iam.gserviceaccount.com",
            "project": "positive-nuance-477221-d1",
            "role": "roles/artifactregistry.admin"
          },
          "sensitive_attributes": [],
          "identity_schema_version": 0,
          "private": "bnVsbA==",
          "dependencies": [
            "google_service_account.cloud_build_service_account"
          ]
        },
        {
          "index_key": 3,
          "schema_version": 0,
          "attributes": {
            "condition": [],
            "etag": "BwZDMdLngAA=",
            "id": "positive-nuance-477221-d1/roles/run.developer/serviceAccount:cloudbuild-runner-sa@positive-nuance-477221-d1.iam.gserviceaccount.com",
            "member": "serviceAccount:cloudbuild-runner-sa@positive-nuance-477221-d1.iam.gserviceaccount.com",
            "project": "positive-nuance-477221-d1",
            "role": "roles/run.developer"
          },
          "sensitive_attributes": [],
          "identity_schema_version": 0,
          "private": "bnVsbA==",
          "dependencies": [
            "google_service_account.cloud_build_service_account"
          ]
        },
        {
          "index_key": 4,
          "schema_version": 0,
          "attributes": {
            "condition": [],
            "etag": "BwZDMdLngAA=",
            "id": "positive-nuance-477221-d1/roles/logging.logWriter/serviceAccount:cloudbuild-runner-sa@positive-nuance-477221-d1.iam.gserviceaccount.com",
            "member": "serviceAccount:cloudbuild-runner-sa@positive-nuance-477221-d1.iam.gserviceaccount.com",
            "project": "positive-nuance-477221-d1",
            "role": "roles/logging.logWriter"
          },
          "sensitive_attributes": [],
          "identity_schema_version": 0,
          "private": "bnVsbA==",
          "dependencies": [
            "google_service_account.cloud_build_service_account"
          ]
        },
        {
          "index_key": 5,
          "schema_version": 0,
          "attributes": {
            "condition": [],
            "etag": "BwZDMdLngAA=",
            "id": "positive-nuance-477221-d1/roles/iam.serviceAccountUser/serviceAccount:cloudbuild-runner-sa@positive-nuance-477221-d1.iam.gserviceaccount.com",
            "member": "serviceAccount:cloudbuild-runner-sa@positive-nuance-477221-d1.iam.gserviceaccount.com",
            "project": "positive-nuance-477221-d1",
            "role": "roles/iam.serviceAccountUser"
          },
          "sensitive_attributes": [],
          "identity_schema_version": 0,
          "private": "bnVsbA==",
          "dependencies": [
            "google_service_account.cloud_build_service_account"
          ]
        }
      ]
    },
    {
      "mode": "managed",
      "type": "google_project_iam_member",
      "name": "dbt_iam_bindings",
      "provider": "provider[\"registry.terraform.io/hashicorp/google\"]",
      "instances": [
        {
          "index_key": 0,
          "schema_version": 0,
          "attributes": {
            "condition": [],
            "etag": "BwZDMdLngAA=",
            "id": "positive-nuance-477221-d1/roles/bigquery.dataEditor/serviceAccount:dbt-runner-sa@positive-nuance-477221-d1.iam.gserviceaccount.com",
            "member": "serviceAccount:dbt-runner-sa@positive-nuance-477221-d1.iam.gserviceaccount.com",
            "project": "positive-nuance-477221-d1",
            "role": "roles/bigquery.dataEditor"
          },
          "sensitive_attributes": [],
          "identity_schema_version": 0,
          "private": "bnVsbA==",
          "dependencies": [
            "google_service_account.dbt_service_account"
          ]
        },
        {
          "index_key": 1,
          "schema_version": 0,
          "attributes": {
            "condition": [],
            "etag": "BwZDMdLngAA=",
            "id": "positive-nuance-477221-d1/roles/bigquery.jobUser/serviceAccount:dbt-runner-sa@positive-nuance-477221-d1.iam.gserviceaccount.com",
            "member": "serviceAccount:dbt-runner-sa@positive-nuance-477221-d1.iam.gserviceaccount.com",
            "project": "positive-nuance-477221-d1",
            "role": "roles/bigquery.jobUser"
          },
          "sensitive_attributes": [],
          "identity_schema_version": 0,
          "private": "bnVsbA==",
          "dependencies": [
            "google_service_account.dbt_service_account"
          ]
        },
        {
          "index_key": 2,
          "schema_version": 0,
          "attributes": {
            "condition": [],
            "etag": "BwZDMdLngAA=",
            "id": "positive-nuance-477221-d1/roles/bigquery.user/serviceAccount:dbt-runner-sa@positive-nuance-477221-d1.iam.gserviceaccount.com",
            "member": "serviceAccount:dbt-runner-sa@positive-nuance-477221-d1.iam.gserviceaccount.com",
            "project": "positive-nuance-477221-d1",
            "role": "roles/bigquery.user"
          },
          "sensitive_attributes": [],
          "identity_schema_version": 0,
          "private": "bnVsbA==",
          "dependencies": [
            "google_service_account.dbt_service_account"
          ]
        }
      ]
    },
    {
      "mode": "managed",
      "type": "google_service_account",
      "name": "airflow_service_account",
      "provider": "provider[\"registry.terraform.io/hashicorp/google\"]",
      "instances": [
        {
          "schema_version": 0,
          "attributes": {
            "account_id": "airflow-runner-sa",
            "create_ignore_already_exists": null,
            "description": "Service Account for Airflow to interact with Google Cloud resources.",
            "disabled": false,
            "display_name": "airflow Runner Service Account",
            "email": "airflow-runner-sa@positive-nuance-477221-d1.iam.gserviceaccount.com",
            "id": "projects/positive-nuance-477221-d1/serviceAccounts/airflow-runner-sa@positive-nuance-477221-d1.iam.gserviceaccount.com",
            "member": "serviceAccount:airflow-runner-sa@positive-nuance-477221-d1.iam.gserviceaccount.com",
            "name": "projects/positive-nuance-477221-d1/serviceAccounts/airflow-runner-sa@positive-nuance-477221-d1.iam.gserviceaccount.com",
            "project": "positive-nuance-477221-d1",
            "timeouts": null,
            "unique_id": "114907446833764604247"
          },
          "sensitive_attributes": [],
          "identity_schema_version": 0,
          "private": "eyJlMmJmYjczMC1lY2FhLTExZTYtOGY4OC0zNDM2M2JjN2M0YzAiOnsiY3JlYXRlIjozMDAwMDAwMDAwMDB9fQ=="
        }
      ]
    },
    {
      "mode": "managed",
      "type": "google_service_account",
      "name": "cloud_build_service_account",
      "provider": "provider[\"registry.terraform.io/hashicorp/google\"]",
      "instances": [
        {
          "schema_version": 0,
          "attributes": {
            "account_id": "cloudbuild-runner-sa",
            "create_ignore_already_exists": null,
            "description": "Service Account for cloud_build to interact with Google Cloud resources.",
            "disabled": false,
            "display_name": "cloud build Runner Service Account",
            "email": "cloudbuild-runner-sa@positive-nuance-477221-d1.iam.gserviceaccount.com",
            "id": "projects/positive-nuance-477221-d1/serviceAccounts/cloudbuild-runner-sa@positive-nuance-477221-d1.iam.gserviceaccount.com",
            "member": "serviceAccount:cloudbuild-runner-sa@positive-nuance-477221-d1.iam.gserviceaccount.com",
            "name": "projects/positive-nuance-477221-d1/serviceAccounts/cloudbuild-runner-sa@positive-nuance-477221-d1.iam.gserviceaccount.com",
            "project": "positive-nuance-477221-d1",
            "timeouts": null,
            "unique_id": "113917878569198951179"
          },
          "sensitive_attributes": [],
          "identity_schema_version": 0,
          "private": "eyJlMmJmYjczMC1lY2FhLTExZTYtOGY4OC0zNDM2M2JjN2M0YzAiOnsiY3JlYXRlIjozMDAwMDAwMDAwMDB9fQ=="
        }
      ]
    },
    {
      "mode": "managed",
      "type": "google_service_account",
      "name": "dbt_service_account",
      "provider": "provider[\"registry.terraform.io/hashicorp/google\"]",
      "instances": [
        {
          "schema_version": 0,
          "attributes": {
            "account_id": "dbt-runner-sa",
            "create_ignore_already_exists": null,
            "description": "Service Account for DBT to interact with Google Cloud resources.",
            "disabled": false,
            "display_name": "dbt Runner Service Account",
            "email": "dbt-runner-sa@positive-nuance-477221-d1.iam.gserviceaccount.com",
            "id": "projects/positive-nuance-477221-d1/serviceAccounts/dbt-runner-sa@positive-nuance-477221-d1.iam.gserviceaccount.com",
            "member": "serviceAccount:dbt-runner-sa@positive-nuance-477221-d1.iam.gserviceaccount.com",
            "name": "projects/positive-nuance-477221-d1/serviceAccounts/dbt-runner-sa@positive-nuance-477221-d1.iam.gserviceaccount.com",
            "project": "positive-nuance-477221-d1",
            "timeouts": null,
            "unique_id": "102810177165126165353"
          },
          "sensitive_attributes": [],
          "identity_schema_version": 0,
          "private": "eyJlMmJmYjczMC1lY2FhLTExZTYtOGY4OC0zNDM2M2JjN2M0YzAiOnsiY3JlYXRlIjozMDAwMDAwMDAwMDB9fQ=="
        }
      ]
    },
    {
      "mode": "managed",
      "type": "google_service_account_key",
      "name": "airflow_service_account_key",
      "provider": "provider[\"registry.terraform.io/hashicorp/google\"]",
      "instances": [
        {
          "schema_version": 0,
          "attributes": {
            "id": "projects/positive-nuance-477221-d1/serviceAccounts/airflow-runner-sa@positive-nuance-477221-d1.iam.gserviceaccount.com/keys/3c2924727686e237aed74a63a8f321ae561a1879",
            "keepers": null,
            "key_algorithm": "KEY_ALG_RSA_2048",
            "name": "projects/positive-nuance-477221-d1/serviceAccounts/airflow-runner-sa@positive-nuance-477221-d1.iam.gserviceaccount.com/keys/3c2924727686e237aed74a63a8f321ae561a1879",
            "private_key": "ewogICJ0eXBlIjogInNlcnZpY2VfYWNjb3VudCIsCiAgInByb2plY3RfaWQiOiAicG9zaXRpdmUtbnVhbmNlLTQ3NzIyMS1kMSIsCiAgInByaXZhdGVfa2V5X2lkIjogIjNjMjkyNDcyNzY4NmUyMzdhZWQ3NGE2M2E4ZjMyMWFlNTYxYTE4NzkiLAogICJwcml2YXRlX2tleSI6ICItLS0tLUJFR0lOIFBSSVZBVEUgS0VZLS0tLS1cbk1JSUV2UUlCQURBTkJna3Foa2lHOXcwQkFRRUZBQVNDQktjd2dnU2pBZ0VBQW9JQkFRRFNldXZGTk5uVDMwVWtcbnlpbnpEUVRsb0dyejVxK3pCQkZRR2dUcG5EYjlzdGlWNHZZTy9EYUdpWjVWczNpeGJ5aGpkdGF4MUFLRTRrYjdcbkZ1YnJQcjMreXF1Nzh4L3FJb2pCK2ZXWDlsYzZGemNIR3lHMU9HRnYzaWU0ZUYxSUgzSUtMc1R2ZGVrREhiZ0NcbmwrUUhvU2dGZ3JLQ2R1S2lqdVpMSEFpV2JiclZoWm9ZRlJEY3QvOWJ0TEVoc1JnVFpQNnl5U2U4b3hGTkhpcjhcbnR1aHppRTFyZDJxd3JPdVM1WEJYdlo1dXMyTTYrMDU3NC9YcUV5REg2TDB5eWlnMXNiV3k1UGZpYUxqaXo1NDJcbmc2dllIaS84VHJaeFB4SEpMNy9ZSDEzd284dDhRK3pnY2R0dTBWaXVScTMrcWJaZ2RBYlFsd0V4N0lhcmRyR1lcblZVRThlOCtsQWdNQkFBRUNnZ0VBR2QwZDhnRTJaU1BIUU5LUXlMdUlVYTZKTUoyMUV3MHZFc1hudXZjYkJoNFVcbmR0MUpUcy9DT1gwRUFQN3o3VVc5L2ttV1JJckxTOGlYQ3FLbXBJWDBzekJLQ0dkRFBESkYxaVEyS3NLMnR1alpcbnRseW9vemFoam9LMkpIa0hQcnRuellXRlpmRjZFbUVlcSttVE4rRjBqcklmNTdVejBJcmp2MFlHR01vS0RuNUtcbmJwNmt1QXAwTDRZandXUGdqYWdjK21PRWQwaXE2OWViQ1kxbGRKU24zUHdxdEwrZmFOZ05KcVlIS0hIbDdvUFhcbmhKTGVTZEFnNUNHVHl5S3Y2Vm5EV3VUOWNWMkdLa0xwU2J0WnBHbGFwWDhEQXU5b29VQStGZ3E0cmNIREdXc1VcblZaLzFOMGFOakdydFA4RnRLQWMyRHFsMWFSSVhMLzFwZlllbHFtSmV6d0tCZ1FEb2NXOUIwbmc2eGVJSTVic2hcbmZjUlUyWVNBZWlqd1V3MFZxakFLSWMwblBmTm1HS1RrbVgwU3VPUzkxT2FRdE8vbmNvbkZLM3I0RDBubEhrUjBcbk1wekk2MkNUbDZHL3p3RnpBU0JkZElxOGlFUlo1QUlXQ0doTHI0eWxHdnN5MG9rOWVvOFR6Vkl1d1l0T24rTmtcbjhZNXFkVzltYUlXQjJtcG9HRlNHb3RIeHB3S0JnUURuejZ5SUtwN1VpZUdVRVpENDRmNm5OeWxpSEE1ZWUzKy9cbnYxTnR3RExjckNhRmJQdjRENlBNMm9EdlJhdGVYczJoY0wrdzRRK3hzaVd0cXM4MzZ3OU93MXp4R3R0VkttSXVcblRhdU0xR0k4SVRjV2llaUNFT1FLMC92dml6Q213c2lmTEllWlVBSWprcjU4NHJQMUpZbTd1Wms1MHlsWjNyN3JcblUrV2JYZWVsMHdLQmdIY2luTG1KM0dHVFJ0VDBta01DS1B5c09BTjVtVDREOHpMbGRaWGIyVUNCdWh6Y0NMZTZcbkM2YnE2U0o2Mm1uVXN4bFhWVkdmaFhsYXJLOG9Ja0hFSnlPN3NGWTFZNHZoMTRaUVQzeFczVHpnUXRnbnl3SHJcbjhUakpremFVYTZlU3pSQ2Jubld4eUt0Nk82Sml4TFBhTXZwUmtuVlVvUWo3SDRxVzNjdmI2K3NGQW9HQUJpQlNcbjZ2WlZaRUNRbVowdE82YWRXRVg0N2dMWHpsOXRMT0Fka0ZUNEF5VDVqNlVsczVTV081KzZzSmdpdzBlMkg0SWZcblRzbGo1TXBVZkpaN0MzdEcyRW9KZHNYQzdpbEVsdnl1Zi9aTThsSGVadFlXTXZuSFRSSDFJb3VIS2FFVU5FQzFcbkJMUThtandTbExKWkZ5MTZ5bDlKVVdIblFkekZKdXI4c25KMDRNa0NnWUVBblEwRmp0alBHVnhtTStsWkFRRFJcbitFdjNDWFVPU2RvZ0RiSGtpSzE2NSt4b1NhZm1SRFJ0ckpnOHEvRDJsZlRIM283c0J4NmlzQzJoeFd4L3VxaHdcblduRUJyNWw0TmdHN3ZaNWhPMUZiUUViZnhHNkhGOGVUOThsZzNmZTlLV0VpYjhubVpTVktuNWV6Q3JGeituTzhcbjMyaUZET3p0RVprY2lWYzFpMk9SamMwPVxuLS0tLS1FTkQgUFJJVkFURSBLRVktLS0tLVxuIiwKICAiY2xpZW50X2VtYWlsIjogImFpcmZsb3ctcnVubmVyLXNhQHBvc2l0aXZlLW51YW5jZS00NzcyMjEtZDEuaWFtLmdzZXJ2aWNlYWNjb3VudC5jb20iLAogICJjbGllbnRfaWQiOiAiMTE0OTA3NDQ2ODMzNzY0NjA0MjQ3IiwKICAiYXV0aF91cmkiOiAiaHR0cHM6Ly9hY2NvdW50cy5nb29nbGUuY29tL28vb2F1dGgyL2F1dGgiLAogICJ0b2tlbl91cmkiOiAiaHR0cHM6Ly9vYXV0aDIuZ29vZ2xlYXBpcy5jb20vdG9rZW4iLAogICJhdXRoX3Byb3ZpZGVyX3g1MDlfY2VydF91cmwiOiAiaHR0cHM6Ly93d3cuZ29vZ2xlYXBpcy5jb20vb2F1dGgyL3YxL2NlcnRzIiwKICAiY2xpZW50X3g1MDlfY2VydF91cmwiOiAiaHR0cHM6Ly93d3cuZ29vZ2xlYXBpcy5jb20vcm9ib3QvdjEvbWV0YWRhdGEveDUwOS9haXJmbG93LXJ1bm5lci1zYSU0MHBvc2l0aXZlLW51YW5jZS00NzcyMjEtZDEuaWFtLmdzZXJ2aWNlYWNjb3VudC5jb20iLAogICJ1bml2ZXJzZV9kb21haW4iOiAiZ29vZ2xlYXBpcy5jb20iCn0K",
            "private_key_type": "TYPE_GOOGLE_CREDENTIALS_FILE",
            "public_key": "LS0tLS1CRUdJTiBDRVJUSUZJQ0FURS0tLS0tCk1JSUMvRENDQWVTZ0F3SUJBZ0lJTDFpOE1VM2RjNWN3RFFZSktvWklodmNOQVFFRkJRQXdJREVlTUJ3R0ExVUUKQXd3Vk1URTBPVEEzTkRRMk9ETXpOelkwTmpBME1qUTNNQ0FYRFRJMU1URXdOakl4TlRFd05Wb1lEems1T1RreApNak14TWpNMU9UVTVXakFnTVI0d0hBWURWUVFEREJVeE1UUTVNRGMwTkRZNE16TTNOalEyTURReU5EY3dnZ0VpCk1BMEdDU3FHU0liM0RRRUJBUVVBQTRJQkR3QXdnZ0VLQW9JQkFRRFNldXZGTk5uVDMwVWt5aW56RFFUbG9HcnoKNXErekJCRlFHZ1RwbkRiOXN0aVY0dllPL0RhR2laNVZzM2l4YnloamR0YXgxQUtFNGtiN0Z1YnJQcjMreXF1Nwo4eC9xSW9qQitmV1g5bGM2RnpjSEd5RzFPR0Z2M2llNGVGMUlIM0lLTHNUdmRla0RIYmdDbCtRSG9TZ0ZncktDCmR1S2lqdVpMSEFpV2JiclZoWm9ZRlJEY3QvOWJ0TEVoc1JnVFpQNnl5U2U4b3hGTkhpcjh0dWh6aUUxcmQycXcKck91UzVYQlh2WjV1czJNNiswNTc0L1hxRXlESDZMMHl5aWcxc2JXeTVQZmlhTGppejU0Mmc2dllIaS84VHJaeApQeEhKTDcvWUgxM3dvOHQ4USt6Z2NkdHUwVml1UnEzK3FiWmdkQWJRbHdFeDdJYXJkckdZVlVFOGU4K2xBZ01CCkFBR2pPREEyTUF3R0ExVWRFd0VCL3dRQ01BQXdEZ1lEVlIwUEFRSC9CQVFEQWdlQU1CWUdBMVVkSlFFQi93UU0KTUFvR0NDc0dBUVVGQndNQ01BMEdDU3FHU0liM0RRRUJCUVVBQTRJQkFRREhlK0VPVWltdGlVZnVURU9tOWVUNgpQOHRXVjBqZTN0ellKOTF0RlA0Y2hhMGNaQnhObURVcWttVEovd0QxSzlydUVVSzRwdGtGWExYdjRoWHBna0tSCnZTVE5OYUluK0NNaE1wanBmQzlxU29pYmZCeWJ0cW5MUGFJbFo4eUpYL1o4Z0cwenB3cHRkanNNT01GNWxEeFUKUFVTTDFJU0JMT0d3NUVXZGt5b0RMR1RMZk1pbUEyRWJaUWtkaFYxZFgwMnFES2JnNU5mUXU4eGVac1ErTSs0TApmeDR4RUJiQS9xeXdPQlNFMnBnK20zM0g2ZlRoejhRTExtdGU4NThoT2JJZEdOSnR0anY0eTRsTmFFVE9qcEdkCkVRYjZEUlhhaFFKTkExdW1nUklKUjhGYkQyMitJRU1ZZHo4QUkyT3ZGcVk2b0dhTWZ0VDV6YkxteWNZNHNwSHcKLS0tLS1FTkQgQ0VSVElGSUNBVEUtLS0tLQo=",
            "public_key_data": null,
            "public_key_type": "TYPE_X509_PEM_FILE",
            "service_account_id": "projects/positive-nuance-477221-d1/serviceAccounts/airflow-runner-sa@positive-nuance-477221-d1.iam.gserviceaccount.com",
            "valid_after": "2025-11-06T21:51:05Z",
            "valid_before": "9999-12-31T23:59:59Z"
          },
          "sensitive_attributes": [
            [
              {
                "type": "get_attr",
                "value": "private_key"
              }
            ]
          ],
          "identity_schema_version": 0,
          "private": "bnVsbA==",
          "dependencies": [
            "google_service_account.airflow_service_account"
          ]
        }
      ]
    },
    {
      "mode": "managed",
      "type": "google_storage_bucket",
      "name": "data_bucket",
      "provider": "provider[\"registry.terraform.io/hashicorp/google\"]",
      "instances": [
        {
          "schema_version": 4,
          "attributes": {
            "autoclass": [],
            "cors": [],
            "custom_placement_config": [],
            "default_event_based_hold": false,
            "effective_labels": {
              "goog-terraform-provisioned": "true"
            },
            "enable_object_retention": false,
            "encryption": [],
            "force_destroy": true,
            "hierarchical_namespace": [
              {
                "enabled": false
              }
            ],
            "id": "ecommerce_data_staging_bucket",
            "ip_filter": [],
            "labels": null,
            "lifecycle_rule": [
              {
                "action": [
                  {
                    "storage_class": "",
                    "type": "Delete"
                  }
                ],
                "condition": [
                  {
                    "age": 30,
                    "created_before": "",
                    "custom_time_before": "",
                    "days_since_custom_time": null,
                    "days_since_noncurrent_time": null,
                    "matches_prefix": [],
                    "matches_storage_class": [],
                    "matches_suffix": [],
                    "noncurrent_time_before": "",
                    "num_newer_versions": null,
                    "send_age_if_zero": null,
                    "send_days_since_custom_time_if_zero": null,
                    "send_days_since_noncurrent_time_if_zero": null,
                    "send_num_newer_versions_if_zero": null,
                    "with_state": "ANY"
                  }
                ]
              }
            ],
            "location": "EUROPE-WEST4",
            "logging": [],
            "name": "ecommerce_data_staging_bucket",
            "project": "positive-nuance-477221-d1",
            "project_number": 292925934953,
            "public_access_prevention": "inherited",
            "requester_pays": false,
            "retention_policy": [],
            "rpo": null,
            "self_link": "https://www.googleapis.com/storage/v1/b/ecommerce_data_staging_bucket",
            "soft_delete_policy": [
              {
                "effective_time": "2025-11-12T22:07:31.364Z",
                "retention_duration_seconds": 604800
              }
            ],
            "storage_class": "STANDARD",
            "terraform_labels": {
              "goog-terraform-provisioned": "true"
            },
            "time_created": "2025-11-12T22:07:31.364Z",
            "timeouts": null,
            "uniform_bucket_level_access": true,
            "updated": "2025-11-12T22:07:31.364Z",
            "url": "gs://ecommerce_data_staging_bucket",
            "versioning": [
              {
                "enabled": false
              }
            ],
            "website": []
          },
          "sensitive_attributes": [],
          "identity_schema_version": 0,
          "private": "eyJlMmJmYjczMC1lY2FhLTExZTYtOGY4OC0zNDM2M2JjN2M0YzAiOnsiY3JlYXRlIjo2MDAwMDAwMDAwMDAsInJlYWQiOjI0MDAwMDAwMDAwMCwidXBkYXRlIjoyNDAwMDAwMDAwMDB9LCJzY2hlbWFfdmVyc2lvbiI6IjQifQ=="
        }
      ]
    },
    {
      "mode": "managed",
      "type": "google_storage_bucket_object",
      "name": "data_files",
      "provider": "provider[\"registry.terraform.io/hashicorp/google\"]",
      "instances": [
        {
          "index_key": "olist_customers_dataset.csv",
          "schema_version": 0,
          "attributes": {
            "bucket": "ecommerce_data_staging_bucket",
            "cache_control": "",
            "content": null,
            "content_disposition": "",
            "content_encoding": "",
            "content_language": "",
            "content_type": "text/plain; charset=utf-8",
            "crc32c": "0GnLIg==",
            "customer_encryption": [],
            "deletion_policy": null,
            "detect_md5hash": "iixCRIVqq0veO47YH4yiUQ==",
            "event_based_hold": false,
            "force_empty_content_type": null,
            "generation": 1762985254509127,
            "id": "ecommerce_data_staging_bucket-olist_customers_dataset.csv",
            "kms_key_name": "",
            "md5hash": "iixCRIVqq0veO47YH4yiUQ==",
            "md5hexhash": "8a2c4244856aab4bde3b8ed81f8ca251",
            "media_link": "https://storage.googleapis.com/download/storage/v1/b/ecommerce_data_staging_bucket/o/olist_customers_dataset.csv?generation=1762985254509127\u0026alt=media",
            "metadata": null,
            "name": "olist_customers_dataset.csv",
            "output_name": "olist_customers_dataset.csv",
            "retention": [],
            "self_link": "https://www.googleapis.com/storage/v1/b/ecommerce_data_staging_bucket/o/olist_customers_dataset.csv",
            "source": "../datasets/olist_ecommerce_dataset/olist_customers_dataset.csv",
            "source_md5hash": "",
            "storage_class": "STANDARD",
            "temporary_hold": false,
            "timeouts": null
          },
          "sensitive_attributes": [
            [
              {
                "type": "get_attr",
                "value": "content"
              }
            ]
          ],
          "identity_schema_version": 0,
          "private": "eyJlMmJmYjczMC1lY2FhLTExZTYtOGY4OC0zNDM2M2JjN2M0YzAiOnsiY3JlYXRlIjoyNDAwMDAwMDAwMDAsImRlbGV0ZSI6MjQwMDAwMDAwMDAwLCJ1cGRhdGUiOjI0MDAwMDAwMDAwMH19",
          "dependencies": [
            "google_storage_bucket.data_bucket"
          ]
        },
        {
          "index_key": "olist_geolocation_dataset.csv",
          "schema_version": 0,
          "attributes": {
            "bucket": "ecommerce_data_staging_bucket",
            "cache_control": "",
            "content": null,
            "content_disposition": "",
            "content_encoding": "",
            "content_language": "",
            "content_type": "text/plain; charset=utf-8",
            "crc32c": "AgygkA==",
            "customer_encryption": [],
            "deletion_policy": null,
            "detect_md5hash": "bYRk5ByOIBOVXkN7a0+vvQ==",
            "event_based_hold": false,
            "force_empty_content_type": null,
            "generation": 1762985256308986,
            "id": "ecommerce_data_staging_bucket-olist_geolocation_dataset.csv",
            "kms_key_name": "",
            "md5hash": "bYRk5ByOIBOVXkN7a0+vvQ==",
            "md5hexhash": "6d8464e41c8e2013955e437b6b4fafbd",
            "media_link": "https://storage.googleapis.com/download/storage/v1/b/ecommerce_data_staging_bucket/o/olist_geolocation_dataset.csv?generation=1762985256308986\u0026alt=media",
            "metadata": null,
            "name": "olist_geolocation_dataset.csv",
            "output_name": "olist_geolocation_dataset.csv",
            "retention": [],
            "self_link": "https://www.googleapis.com/storage/v1/b/ecommerce_data_staging_bucket/o/olist_geolocation_dataset.csv",
            "source": "../datasets/olist_ecommerce_dataset/olist_geolocation_dataset.csv",
            "source_md5hash": "",
            "storage_class": "STANDARD",
            "temporary_hold": false,
            "timeouts": null
          },
          "sensitive_attributes": [
            [
              {
                "type": "get_attr",
                "value": "content"
              }
            ]
          ],
          "identity_schema_version": 0,
          "private": "eyJlMmJmYjczMC1lY2FhLTExZTYtOGY4OC0zNDM2M2JjN2M0YzAiOnsiY3JlYXRlIjoyNDAwMDAwMDAwMDAsImRlbGV0ZSI6MjQwMDAwMDAwMDAwLCJ1cGRhdGUiOjI0MDAwMDAwMDAwMH19",
          "dependencies": [
            "google_storage_bucket.data_bucket"
          ]
        },
        {
          "index_key": "olist_order_items_dataset.csv",
          "schema_version": 0,
          "attributes": {
            "bucket": "ecommerce_data_staging_bucket",
            "cache_control": "",
            "content": null,
            "content_disposition": "",
            "content_encoding": "",
            "content_language": "",
            "content_type": "text/plain; charset=utf-8",
            "crc32c": "zasZLw==",
            "customer_encryption": [],
            "deletion_policy": null,
            "detect_md5hash": "9Pp2l2Zi6cugYz+eSe0mRQ==",
            "event_based_hold": false,
            "force_empty_content_type": null,
            "generation": 1762985254508969,
            "id": "ecommerce_data_staging_bucket-olist_order_items_dataset.csv",
            "kms_key_name": "",
            "md5hash": "9Pp2l2Zi6cugYz+eSe0mRQ==",
            "md5hexhash": "f4fa76976662e9cba0633f9e49ed2645",
            "media_link": "https://storage.googleapis.com/download/storage/v1/b/ecommerce_data_staging_bucket/o/olist_order_items_dataset.csv?generation=1762985254508969\u0026alt=media",
            "metadata": null,
            "name": "olist_order_items_dataset.csv",
            "output_name": "olist_order_items_dataset.csv",
            "retention": [],
            "self_link": "https://www.googleapis.com/storage/v1/b/ecommerce_data_staging_bucket/o/olist_order_items_dataset.csv",
            "source": "../datasets/olist_ecommerce_dataset/olist_order_items_dataset.csv",
            "source_md5hash": "",
            "storage_class": "STANDARD",
            "temporary_hold": false,
            "timeouts": null
          },
          "sensitive_attributes": [
            [
              {
                "type": "get_attr",
                "value": "content"
              }
            ]
          ],
          "identity_schema_version": 0,
          "private": "eyJlMmJmYjczMC1lY2FhLTExZTYtOGY4OC0zNDM2M2JjN2M0YzAiOnsiY3JlYXRlIjoyNDAwMDAwMDAwMDAsImRlbGV0ZSI6MjQwMDAwMDAwMDAwLCJ1cGRhdGUiOjI0MDAwMDAwMDAwMH19",
          "dependencies": [
            "google_storage_bucket.data_bucket"
          ]
        },
        {
          "index_key": "olist_order_payments_dataset.csv",
          "schema_version": 0,
          "attributes": {
            "bucket": "ecommerce_data_staging_bucket",
            "cache_control": "",
            "content": null,
            "content_disposition": "",
            "content_encoding": "",
            "content_language": "",
            "content_type": "text/plain; charset=utf-8",
            "crc32c": "qGc5sw==",
            "customer_encryption": [],
            "deletion_policy": null,
            "detect_md5hash": "dc4MBB0Y5fJQxc6pqAQpRA==",
            "event_based_hold": false,
            "force_empty_content_type": null,
            "generation": 1762985254008218,
            "id": "ecommerce_data_staging_bucket-olist_order_payments_dataset.csv",
            "kms_key_name": "",
            "md5hash": "dc4MBB0Y5fJQxc6pqAQpRA==",
            "md5hexhash": "75ce0c041d18e5f250c5cea9a8042944",
            "media_link": "https://storage.googleapis.com/download/storage/v1/b/ecommerce_data_staging_bucket/o/olist_order_payments_dataset.csv?generation=1762985254008218\u0026alt=media",
            "metadata": null,
            "name": "olist_order_payments_dataset.csv",
            "output_name": "olist_order_payments_dataset.csv",
            "retention": [],
            "self_link": "https://www.googleapis.com/storage/v1/b/ecommerce_data_staging_bucket/o/olist_order_payments_dataset.csv",
            "source": "../datasets/olist_ecommerce_dataset/olist_order_payments_dataset.csv",
            "source_md5hash": "",
            "storage_class": "STANDARD",
            "temporary_hold": false,
            "timeouts": null
          },
          "sensitive_attributes": [
            [
              {
                "type": "get_attr",
                "value": "content"
              }
            ]
          ],
          "identity_schema_version": 0,
          "private": "eyJlMmJmYjczMC1lY2FhLTExZTYtOGY4OC0zNDM2M2JjN2M0YzAiOnsiY3JlYXRlIjoyNDAwMDAwMDAwMDAsImRlbGV0ZSI6MjQwMDAwMDAwMDAwLCJ1cGRhdGUiOjI0MDAwMDAwMDAwMH19",
          "dependencies": [
            "google_storage_bucket.data_bucket"
          ]
        },
        {
          "index_key": "olist_orders_dataset.csv",
          "schema_version": 0,
          "attributes": {
            "bucket": "ecommerce_data_staging_bucket",
            "cache_control": "",
            "content": null,
            "content_disposition": "",
            "content_encoding": "",
            "content_language": "",
            "content_type": "text/plain; charset=utf-8",
            "crc32c": "DyDdJQ==",
            "customer_encryption": [],
            "deletion_policy": null,
            "detect_md5hash": "i9YOVcHKIp2fcLYvPnLyLA==",
            "event_based_hold": false,
            "force_empty_content_type": null,
            "generation": 1762985254608476,
            "id": "ecommerce_data_staging_bucket-olist_orders_dataset.csv",
            "kms_key_name": "",
            "md5hash": "i9YOVcHKIp2fcLYvPnLyLA==",
            "md5hexhash": "8bd60e55c1ca229d9f70b62f3e72f22c",
            "media_link": "https://storage.googleapis.com/download/storage/v1/b/ecommerce_data_staging_bucket/o/olist_orders_dataset.csv?generation=1762985254608476\u0026alt=media",
            "metadata": null,
            "name": "olist_orders_dataset.csv",
            "output_name": "olist_orders_dataset.csv",
            "retention": [],
            "self_link": "https://www.googleapis.com/storage/v1/b/ecommerce_data_staging_bucket/o/olist_orders_dataset.csv",
            "source": "../datasets/olist_ecommerce_dataset/olist_orders_dataset.csv",
            "source_md5hash": "",
            "storage_class": "STANDARD",
            "temporary_hold": false,
            "timeouts": null
          },
          "sensitive_attributes": [
            [
              {
                "type": "get_attr",
                "value": "content"
              }
            ]
          ],
          "identity_schema_version": 0,
          "private": "eyJlMmJmYjczMC1lY2FhLTExZTYtOGY4OC0zNDM2M2JjN2M0YzAiOnsiY3JlYXRlIjoyNDAwMDAwMDAwMDAsImRlbGV0ZSI6MjQwMDAwMDAwMDAwLCJ1cGRhdGUiOjI0MDAwMDAwMDAwMH19",
          "dependencies": [
            "google_storage_bucket.data_bucket"
          ]
        },
        {
          "index_key": "olist_products_dataset.csv",
          "schema_version": 0,
          "attributes": {
            "bucket": "ecommerce_data_staging_bucket",
            "cache_control": "",
            "content": null,
            "content_disposition": "",
            "content_encoding": "",
            "content_language": "",
            "content_type": "text/plain; charset=utf-8",
            "crc32c": "xAMgvQ==",
            "customer_encryption": [],
            "deletion_policy": null,
            "detect_md5hash": "6TVAEQSjZpIjuDyaAf31yg==",
            "event_based_hold": false,
            "force_empty_content_type": null,
            "generation": 1762985252808978,
            "id": "ecommerce_data_staging_bucket-olist_products_dataset.csv",
            "kms_key_name": "",
            "md5hash": "6TVAEQSjZpIjuDyaAf31yg==",
            "md5hexhash": "e935401104a3669223b83c9a01fdf5ca",
            "media_link": "https://storage.googleapis.com/download/storage/v1/b/ecommerce_data_staging_bucket/o/olist_products_dataset.csv?generation=1762985252808978\u0026alt=media",
            "metadata": null,
            "name": "olist_products_dataset.csv",
            "output_name": "olist_products_dataset.csv",
            "retention": [],
            "self_link": "https://www.googleapis.com/storage/v1/b/ecommerce_data_staging_bucket/o/olist_products_dataset.csv",
            "source": "../datasets/olist_ecommerce_dataset/olist_products_dataset.csv",
            "source_md5hash": "",
            "storage_class": "STANDARD",
            "temporary_hold": false,
            "timeouts": null
          },
          "sensitive_attributes": [
            [
              {
                "type": "get_attr",
                "value": "content"
              }
            ]
          ],
          "identity_schema_version": 0,
          "private": "eyJlMmJmYjczMC1lY2FhLTExZTYtOGY4OC0zNDM2M2JjN2M0YzAiOnsiY3JlYXRlIjoyNDAwMDAwMDAwMDAsImRlbGV0ZSI6MjQwMDAwMDAwMDAwLCJ1cGRhdGUiOjI0MDAwMDAwMDAwMH19",
          "dependencies": [
            "google_storage_bucket.data_bucket"
          ]
        },
        {
          "index_key": "olist_sellers_dataset.csv",
          "schema_version": 0,
          "attributes": {
            "bucket": "ecommerce_data_staging_bucket",
            "cache_control": "",
            "content": null,
            "content_disposition": "",
            "content_encoding": "",
            "content_language": "",
            "content_type": "text/plain; charset=utf-8",
            "crc32c": "AsYynw==",
            "customer_encryption": [],
            "deletion_policy": null,
            "detect_md5hash": "WyLAL6zfhC1sCuo24YSQGA==",
            "event_based_hold": false,
            "force_empty_content_type": null,
            "generation": 1762985252107966,
            "id": "ecommerce_data_staging_bucket-olist_sellers_dataset.csv",
            "kms_key_name": "",
            "md5hash": "WyLAL6zfhC1sCuo24YSQGA==",
            "md5hexhash": "5b22c02facdf842d6c0aea36e1849018",
            "media_link": "https://storage.googleapis.com/download/storage/v1/b/ecommerce_data_staging_bucket/o/olist_sellers_dataset.csv?generation=1762985252107966\u0026alt=media",
            "metadata": null,
            "name": "olist_sellers_dataset.csv",
            "output_name": "olist_sellers_dataset.csv",
            "retention": [],
            "self_link": "https://www.googleapis.com/storage/v1/b/ecommerce_data_staging_bucket/o/olist_sellers_dataset.csv",
            "source": "../datasets/olist_ecommerce_dataset/olist_sellers_dataset.csv",
            "source_md5hash": "",
            "storage_class": "STANDARD",
            "temporary_hold": false,
            "timeouts": null
          },
          "sensitive_attributes": [
            [
              {
                "type": "get_attr",
                "value": "content"
              }
            ]
          ],
          "identity_schema_version": 0,
          "private": "eyJlMmJmYjczMC1lY2FhLTExZTYtOGY4OC0zNDM2M2JjN2M0YzAiOnsiY3JlYXRlIjoyNDAwMDAwMDAwMDAsImRlbGV0ZSI6MjQwMDAwMDAwMDAwLCJ1cGRhdGUiOjI0MDAwMDAwMDAwMH19",
          "dependencies": [
            "google_storage_bucket.data_bucket"
          ]
        },
        {
          "index_key": "product_category_name_translation.csv",
          "schema_version": 0,
          "attributes": {
            "bucket": "ecommerce_data_staging_bucket",
            "cache_control": "",
            "content": null,
            "content_disposition": "",
            "content_encoding": "",
            "content_language": "",
            "content_type": "text/plain; charset=utf-8",
            "crc32c": "z6U4yA==",
            "customer_encryption": [],
            "deletion_policy": null,
            "detect_md5hash": "QZbRQujyuWl1IfxQyX9iaw==",
            "event_based_hold": false,
            "force_empty_content_type": null,
            "generation": 1762985252112823,
            "id": "ecommerce_data_staging_bucket-product_category_name_translation.csv",
            "kms_key_name": "",
            "md5hash": "QZbRQujyuWl1IfxQyX9iaw==",
            "md5hexhash": "4196d142e8f2b9697521fc50c97f626b",
            "media_link": "https://storage.googleapis.com/download/storage/v1/b/ecommerce_data_staging_bucket/o/product_category_name_translation.csv?generation=1762985252112823\u0026alt=media",
            "metadata": null,
            "name": "product_category_name_translation.csv",
            "output_name": "product_category_name_translation.csv",
            "retention": [],
            "self_link": "https://www.googleapis.com/storage/v1/b/ecommerce_data_staging_bucket/o/product_category_name_translation.csv",
            "source": "../datasets/olist_ecommerce_dataset/product_category_name_translation.csv",
            "source_md5hash": "",
            "storage_class": "STANDARD",
            "temporary_hold": false,
            "timeouts": null
          },
          "sensitive_attributes": [
            [
              {
                "type": "get_attr",
                "value": "content"
              }
            ]
          ],
          "identity_schema_version": 0,
          "private": "eyJlMmJmYjczMC1lY2FhLTExZTYtOGY4OC0zNDM2M2JjN2M0YzAiOnsiY3JlYXRlIjoyNDAwMDAwMDAwMDAsImRlbGV0ZSI6MjQwMDAwMDAwMDAwLCJ1cGRhdGUiOjI0MDAwMDAwMDAwMH19",
          "dependencies": [
            "google_storage_bucket.data_bucket"
          ]
        }
      ]
    }
  ],
  "check_results": null
}
